
Microsoft Visual Studio Solution File, Format Version 12.00
# Visual Studio Version 16
VisualStudioVersion = 16.0.31005.135
MinimumVisualStudioVersion = 10.0.40219.1
Project("{888888A0-9F3D-457C-B088-3A5042F75D52}") = "bloodflow", "bloodflow.pyproj", "{C8081608-6F8A-4E56-9A9C-4387C89576AB}"
EndProject
Project("{8BC9CEB8-8B4A-11D0-8D11-00A0C91BC942}") = "scan", "scan\scan.vcxproj", "{35E73E80-AC31-4C10-9113-A386B7D8D1E6}"
EndProject
Project("{8BC9CEB8-8B4A-11D0-8D11-00A0C91BC942}") = "exenode", "exenode\exenode.vcxproj", "{D3D98BF9-6B6D-4C95-973D-A87C6E3303B4}"
EndProject
Project("{8BC9CEB8-8B4A-11D0-8D11-00A0C91BC942}") = "frame", "frame\frame.vcxproj", "{0F2E6E5F-7294-4D62-8A3C-E4B5FF29C269}"
EndProject
Project("{8BC9CEB8-8B4A-11D0-8D11-00A0C91BC942}") = "fx3", "fx3\fx3.vcxproj", "{44DED927-2980-414C-A216-98725174695C}"
EndProject
Project("{8BC9CEB8-8B4A-11D0-8D11-00A0C91BC942}") = "octopus", "octopus\octopus.vcxproj", "{6D2341E4-7087-41C8-85EC-88F71D6AEF5D}"
EndProject
Project("{8BC9CEB8-8B4A-11D0-8D11-00A0C91BC942}") = "rcam", "rcam\rcam.vcxproj", "{91D7A393-8C2E-448B-BF5B-FEABD2B056A2}"
EndProject
Project("{8BC9CEB8-8B4A-11D0-8D11-00A0C91BC942}") = "stddev", "stddev\stddev.vcxproj", "{51C67381-2521-4BB5-ABB9-34FC8DE5F264}"
EndProject
Project("{8BC9CEB8-8B4A-11D0-8D11-00A0C91BC942}") = "CameraManager", "CameraManager\CameraManager.vcxproj", "{2DA484B2-B513-4629-B948-81FCFA22D6E5}"
EndProject
Project("{8BC9CEB8-8B4A-11D0-8D11-00A0C91BC942}") = "OctopusManager", "OctopusManager\OctopusManager.vcxproj", "{28418176-E775-43C2-8AE6-B65A64D2A7C8}"
EndProject
Project("{8BC9CEB8-8B4A-11D0-8D11-00A0C91BC942}") = "VoxelSave", "VoxelSave\VoxelSave.vcxproj", "{C1CBBD51-33F0-43A0-805D-31303DFD6E86}"
EndProject
Project("{8BC9CEB8-8B4A-11D0-8D11-00A0C91BC942}") = "tiff", "tiff\tiff.vcxproj", "{42481806-D44E-4D93-9CC0-F08DDD842080}"
EndProject
Project("{8BC9CEB8-8B4A-11D0-8D11-00A0C91BC942}") = "CameraManager_test", "ConsoleApplication_test\ConsoleApplication_test.vcxproj", "{1864D8C4-E254-4B1B-817D-048996FA26F3}"
EndProject
Project("{8BC9CEB8-8B4A-11D0-8D11-00A0C91BC942}") = "exenode_test", "execnode_test\execnode_test.vcxproj", "{789AA6E4-92C8-4CF7-A1E7-78E4DAC0B5EC}"
EndProject
Project("{8BC9CEB8-8B4A-11D0-8D11-00A0C91BC942}") = "frame_test", "frame_test\frame_test.vcxproj", "{DC21691A-3E21-4D2C-82DA-E483288799A3}"
EndProject
Project("{8BC9CEB8-8B4A-11D0-8D11-00A0C91BC942}") = "fx3_test", "fx3_test\fx3_test.vcxproj", "{FD91D724-2836-44B2-9961-8A1BC6132566}"
EndProject
Project("{8BC9CEB8-8B4A-11D0-8D11-00A0C91BC942}") = "OctopusManager_test", "OctopusManager_test\OctopusManager_test.vcxproj", "{AF46C7BF-8FC6-4C12-B9DD-B1054F9C3806}"
EndProject
Project("{8BC9CEB8-8B4A-11D0-8D11-00A0C91BC942}") = "rcam_test", "rcam_test\rcam_test.vcxproj", "{2299CB67-8E50-422A-9110-ABFEE6C1464E}"
EndProject
Project("{8BC9CEB8-8B4A-11D0-8D11-00A0C91BC942}") = "scan_test", "scan_test\scan_test.vcxproj", "{9D52E469-0413-4B08-A38C-0A411901727D}"
EndProject
Project("{8BC9CEB8-8B4A-11D0-8D11-00A0C91BC942}") = "stddev_test", "stddev_test\stddev_test.vcxproj", "{A8FF72C7-9B35-4D2B-AA2A-9DBC02580466}"
EndProject
Project("{8BC9CEB8-8B4A-11D0-8D11-00A0C91BC942}") = "tiff_test", "tiff_test\tiff_test.vcxproj", "{849F4430-FA71-4204-8EC4-B6363FA40D53}"
EndProject
Project("{8BC9CEB8-8B4A-11D0-8D11-00A0C91BC942}") = "VoxelSave_test", "VoxelSave_test\VoxelSave_test.vcxproj", "{6593BA37-DC4D-45B1-B067-E2F878635232}"
EndProject
Project("{8BC9CEB8-8B4A-11D0-8D11-00A0C91BC942}") = "time_test", "time_test\time_test.vcxproj", "{FF575FDB-EA65-4BC4-96DD-A69018195DC7}"
EndProject
Project("{8BC9CEB8-8B4A-11D0-8D11-00A0C91BC942}") = "time", "time\time.vcxproj", "{27C73BDC-AF17-41F9-A7B4-DF38432F2CD5}"
EndProject
Project("{8BC9CEB8-8B4A-11D0-8D11-00A0C91BC942}") = "octopus_test", "octopus_test\octopus_test.vcxproj", "{DE08DA96-9F47-4194-A526-7444C8D1CA67}"
EndProject
Project("{8BC9CEB8-8B4A-11D0-8D11-00A0C91BC942}") = "GTestLib", "GTestLib\GTestLib.vcxproj", "{8C8BCA9E-0F3C-440C-A905-9A4BD711E89F}"
EndProject
Global
	GlobalSection(SolutionConfigurationPlatforms) = preSolution
		Debug|Any CPU = Debug|Any CPU
		Debug|x64 = Debug|x64
		Debug|x86 = Debug|x86
		Release|Any CPU = Release|Any CPU
		Release|x64 = Release|x64
		Release|x86 = Release|x86
	EndGlobalSection
	GlobalSection(ProjectConfigurationPlatforms) = postSolution
		{C8081608-6F8A-4E56-9A9C-4387C89576AB}.Debug|Any CPU.ActiveCfg = Debug|Any CPU
		{C8081608-6F8A-4E56-9A9C-4387C89576AB}.Debug|x64.ActiveCfg = Debug|Any CPU
		{C8081608-6F8A-4E56-9A9C-4387C89576AB}.Debug|x86.ActiveCfg = Debug|Any CPU
		{C8081608-6F8A-4E56-9A9C-4387C89576AB}.Release|Any CPU.ActiveCfg = Release|Any CPU
		{C8081608-6F8A-4E56-9A9C-4387C89576AB}.Release|x64.ActiveCfg = Release|Any CPU
		{C8081608-6F8A-4E56-9A9C-4387C89576AB}.Release|x86.ActiveCfg = Release|Any CPU
		{35E73E80-AC31-4C10-9113-A386B7D8D1E6}.Debug|Any CPU.ActiveCfg = Debug|Win32
		{35E73E80-AC31-4C10-9113-A386B7D8D1E6}.Debug|x64.ActiveCfg = Debug|x64
		{35E73E80-AC31-4C10-9113-A386B7D8D1E6}.Debug|x64.Build.0 = Debug|x64
		{35E73E80-AC31-4C10-9113-A386B7D8D1E6}.Debug|x86.ActiveCfg = Debug|Win32
		{35E73E80-AC31-4C10-9113-A386B7D8D1E6}.Debug|x86.Build.0 = Debug|Win32
		{35E73E80-AC31-4C10-9113-A386B7D8D1E6}.Release|Any CPU.ActiveCfg = Release|Win32
		{35E73E80-AC31-4C10-9113-A386B7D8D1E6}.Release|x64.ActiveCfg = Release|x64
		{35E73E80-AC31-4C10-9113-A386B7D8D1E6}.Release|x64.Build.0 = Release|x64
		{35E73E80-AC31-4C10-9113-A386B7D8D1E6}.Release|x86.ActiveCfg = Release|Win32
		{35E73E80-AC31-4C10-9113-A386B7D8D1E6}.Release|x86.Build.0 = Release|Win32
		{D3D98BF9-6B6D-4C95-973D-A87C6E3303B4}.Debug|Any CPU.ActiveCfg = Debug|Win32
		{D3D98BF9-6B6D-4C95-973D-A87C6E3303B4}.Debug|x64.ActiveCfg = Debug|x64
		{D3D98BF9-6B6D-4C95-973D-A87C6E3303B4}.Debug|x64.Build.0 = Debug|x64
		{D3D98BF9-6B6D-4C95-973D-A87C6E3303B4}.Debug|x86.ActiveCfg = Debug|Win32
		{D3D98BF9-6B6D-4C95-973D-A87C6E3303B4}.Debug|x86.Build.0 = Debug|Win32
		{D3D98BF9-6B6D-4C95-973D-A87C6E3303B4}.Release|Any CPU.ActiveCfg = Release|Win32
		{D3D98BF9-6B6D-4C95-973D-A87C6E3303B4}.Release|x64.ActiveCfg = Release|x64
		{D3D98BF9-6B6D-4C95-973D-A87C6E3303B4}.Release|x64.Build.0 = Release|x64
		{D3D98BF9-6B6D-4C95-973D-A87C6E3303B4}.Release|x86.ActiveCfg = Release|Win32
		{D3D98BF9-6B6D-4C95-973D-A87C6E3303B4}.Release|x86.Build.0 = Release|Win32
		{0F2E6E5F-7294-4D62-8A3C-E4B5FF29C269}.Debug|Any CPU.ActiveCfg = Debug|Win32
		{0F2E6E5F-7294-4D62-8A3C-E4B5FF29C269}.Debug|x64.ActiveCfg = Debug|x64
		{0F2E6E5F-7294-4D62-8A3C-E4B5FF29C269}.Debug|x64.Build.0 = Debug|x64
		{0F2E6E5F-7294-4D62-8A3C-E4B5FF29C269}.Debug|x86.ActiveCfg = Debug|Win32
		{0F2E6E5F-7294-4D62-8A3C-E4B5FF29C269}.Debug|x86.Build.0 = Debug|Win32
		{0F2E6E5F-7294-4D62-8A3C-E4B5FF29C269}.Release|Any CPU.ActiveCfg = Release|Win32
		{0F2E6E5F-7294-4D62-8A3C-E4B5FF29C269}.Release|x64.ActiveCfg = Release|x64
		{0F2E6E5F-7294-4D62-8A3C-E4B5FF29C269}.Release|x64.Build.0 = Release|x64
		{0F2E6E5F-7294-4D62-8A3C-E4B5FF29C269}.Release|x86.ActiveCfg = Release|Win32
		{0F2E6E5F-7294-4D62-8A3C-E4B5FF29C269}.Release|x86.Build.0 = Release|Win32
		{44DED927-2980-414C-A216-98725174695C}.Debug|Any CPU.ActiveCfg = Debug|Win32
		{44DED927-2980-414C-A216-98725174695C}.Debug|x64.ActiveCfg = Debug|x64
		{44DED927-2980-414C-A216-98725174695C}.Debug|x64.Build.0 = Debug|x64
		{44DED927-2980-414C-A216-98725174695C}.Debug|x86.ActiveCfg = Debug|Win32
		{44DED927-2980-414C-A216-98725174695C}.Debug|x86.Build.0 = Debug|Win32
		{44DED927-2980-414C-A216-98725174695C}.Release|Any CPU.ActiveCfg = Release|Win32
		{44DED927-2980-414C-A216-98725174695C}.Release|x64.ActiveCfg = Release|x64
		{44DED927-2980-414C-A216-98725174695C}.Release|x64.Build.0 = Release|x64
		{44DED927-2980-414C-A216-98725174695C}.Release|x86.ActiveCfg = Release|Win32
		{44DED927-2980-414C-A216-98725174695C}.Release|x86.Build.0 = Release|Win32
		{6D2341E4-7087-41C8-85EC-88F71D6AEF5D}.Debug|Any CPU.ActiveCfg = Debug|Win32
		{6D2341E4-7087-41C8-85EC-88F71D6AEF5D}.Debug|x64.ActiveCfg = Debug|x64
		{6D2341E4-7087-41C8-85EC-88F71D6AEF5D}.Debug|x64.Build.0 = Debug|x64
		{6D2341E4-7087-41C8-85EC-88F71D6AEF5D}.Debug|x86.ActiveCfg = Debug|Win32
		{6D2341E4-7087-41C8-85EC-88F71D6AEF5D}.Debug|x86.Build.0 = Debug|Win32
		{6D2341E4-7087-41C8-85EC-88F71D6AEF5D}.Release|Any CPU.ActiveCfg = Release|Win32
		{6D2341E4-7087-41C8-85EC-88F71D6AEF5D}.Release|x64.ActiveCfg = Release|x64
		{6D2341E4-7087-41C8-85EC-88F71D6AEF5D}.Release|x64.Build.0 = Release|x64
		{6D2341E4-7087-41C8-85EC-88F71D6AEF5D}.Release|x86.ActiveCfg = Release|Win32
		{6D2341E4-7087-41C8-85EC-88F71D6AEF5D}.Release|x86.Build.0 = Release|Win32
		{91D7A393-8C2E-448B-BF5B-FEABD2B056A2}.Debug|Any CPU.ActiveCfg = Debug|Win32
		{91D7A393-8C2E-448B-BF5B-FEABD2B056A2}.Debug|x64.ActiveCfg = Debug|x64
		{91D7A393-8C2E-448B-BF5B-FEABD2B056A2}.Debug|x64.Build.0 = Debug|x64
		{91D7A393-8C2E-448B-BF5B-FEABD2B056A2}.Debug|x86.ActiveCfg = Debug|Win32
		{91D7A393-8C2E-448B-BF5B-FEABD2B056A2}.Debug|x86.Build.0 = Debug|Win32
		{91D7A393-8C2E-448B-BF5B-FEABD2B056A2}.Release|Any CPU.ActiveCfg = Release|Win32
		{91D7A393-8C2E-448B-BF5B-FEABD2B056A2}.Release|x64.ActiveCfg = Release|x64
		{91D7A393-8C2E-448B-BF5B-FEABD2B056A2}.Release|x64.Build.0 = Release|x64
		{91D7A393-8C2E-448B-BF5B-FEABD2B056A2}.Release|x86.ActiveCfg = Release|Win32
		{91D7A393-8C2E-448B-BF5B-FEABD2B056A2}.Release|x86.Build.0 = Release|Win32
		{51C67381-2521-4BB5-ABB9-34FC8DE5F264}.Debug|Any CPU.ActiveCfg = Debug|Win32
		{51C67381-2521-4BB5-ABB9-34FC8DE5F264}.Debug|x64.ActiveCfg = Debug|x64
		{51C67381-2521-4BB5-ABB9-34FC8DE5F264}.Debug|x64.Build.0 = Debug|x64
		{51C67381-2521-4BB5-ABB9-34FC8DE5F264}.Debug|x86.ActiveCfg = Debug|Win32
		{51C67381-2521-4BB5-ABB9-34FC8DE5F264}.Debug|x86.Build.0 = Debug|Win32
		{51C67381-2521-4BB5-ABB9-34FC8DE5F264}.Release|Any CPU.ActiveCfg = Release|Win32
		{51C67381-2521-4BB5-ABB9-34FC8DE5F264}.Release|x64.ActiveCfg = Release|x64
		{51C67381-2521-4BB5-ABB9-34FC8DE5F264}.Release|x64.Build.0 = Release|x64
		{51C67381-2521-4BB5-ABB9-34FC8DE5F264}.Release|x86.ActiveCfg = Release|Win32
		{51C67381-2521-4BB5-ABB9-34FC8DE5F264}.Release|x86.Build.0 = Release|Win32
		{2DA484B2-B513-4629-B948-81FCFA22D6E5}.Debug|Any CPU.ActiveCfg = Debug|Win32
		{2DA484B2-B513-4629-B948-81FCFA22D6E5}.Debug|x64.ActiveCfg = Debug|x64
		{2DA484B2-B513-4629-B948-81FCFA22D6E5}.Debug|x64.Build.0 = Debug|x64
		{2DA484B2-B513-4629-B948-81FCFA22D6E5}.Debug|x86.ActiveCfg = Debug|Win32
		{2DA484B2-B513-4629-B948-81FCFA22D6E5}.Debug|x86.Build.0 = Debug|Win32
		{2DA484B2-B513-4629-B948-81FCFA22D6E5}.Release|Any CPU.ActiveCfg = Release|Win32
		{2DA484B2-B513-4629-B948-81FCFA22D6E5}.Release|x64.ActiveCfg = Release|x64
		{2DA484B2-B513-4629-B948-81FCFA22D6E5}.Release|x64.Build.0 = Release|x64
		{2DA484B2-B513-4629-B948-81FCFA22D6E5}.Release|x86.ActiveCfg = Release|Win32
		{2DA484B2-B513-4629-B948-81FCFA22D6E5}.Release|x86.Build.0 = Release|Win32
		{28418176-E775-43C2-8AE6-B65A64D2A7C8}.Debug|Any CPU.ActiveCfg = Debug|Win32
		{28418176-E775-43C2-8AE6-B65A64D2A7C8}.Debug|x64.ActiveCfg = Debug|x64
		{28418176-E775-43C2-8AE6-B65A64D2A7C8}.Debug|x64.Build.0 = Debug|x64
		{28418176-E775-43C2-8AE6-B65A64D2A7C8}.Debug|x86.ActiveCfg = Debug|Win32
		{28418176-E775-43C2-8AE6-B65A64D2A7C8}.Debug|x86.Build.0 = Debug|Win32
		{28418176-E775-43C2-8AE6-B65A64D2A7C8}.Release|Any CPU.ActiveCfg = Release|Win32
		{28418176-E775-43C2-8AE6-B65A64D2A7C8}.Release|x64.ActiveCfg = Release|x64
		{28418176-E775-43C2-8AE6-B65A64D2A7C8}.Release|x64.Build.0 = Release|x64
		{28418176-E775-43C2-8AE6-B65A64D2A7C8}.Release|x86.ActiveCfg = Release|Win32
		{28418176-E775-43C2-8AE6-B65A64D2A7C8}.Release|x86.Build.0 = Release|Win32
		{C1CBBD51-33F0-43A0-805D-31303DFD6E86}.Debug|Any CPU.ActiveCfg = Debug|Win32
		{C1CBBD51-33F0-43A0-805D-31303DFD6E86}.Debug|x64.ActiveCfg = Debug|x64
		{C1CBBD51-33F0-43A0-805D-31303DFD6E86}.Debug|x64.Build.0 = Debug|x64
		{C1CBBD51-33F0-43A0-805D-31303DFD6E86}.Debug|x86.ActiveCfg = Debug|Win32
		{C1CBBD51-33F0-43A0-805D-31303DFD6E86}.Debug|x86.Build.0 = Debug|Win32
		{C1CBBD51-33F0-43A0-805D-31303DFD6E86}.Release|Any CPU.ActiveCfg = Release|Win32
		{C1CBBD51-33F0-43A0-805D-31303DFD6E86}.Release|x64.ActiveCfg = Release|x64
		{C1CBBD51-33F0-43A0-805D-31303DFD6E86}.Release|x64.Build.0 = Release|x64
		{C1CBBD51-33F0-43A0-805D-31303DFD6E86}.Release|x86.ActiveCfg = Release|Win32
		{C1CBBD51-33F0-43A0-805D-31303DFD6E86}.Release|x86.Build.0 = Release|Win32
		{42481806-D44E-4D93-9CC0-F08DDD842080}.Debug|Any CPU.ActiveCfg = Debug|Win32
		{42481806-D44E-4D93-9CC0-F08DDD842080}.Debug|x64.ActiveCfg = Debug|x64
		{42481806-D44E-4D93-9CC0-F08DDD842080}.Debug|x64.Build.0 = Debug|x64
		{42481806-D44E-4D93-9CC0-F08DDD842080}.Debug|x86.ActiveCfg = Debug|Win32
		{42481806-D44E-4D93-9CC0-F08DDD842080}.Debug|x86.Build.0 = Debug|Win32
		{42481806-D44E-4D93-9CC0-F08DDD842080}.Release|Any CPU.ActiveCfg = Release|Win32
		{42481806-D44E-4D93-9CC0-F08DDD842080}.Release|x64.ActiveCfg = Release|x64
		{42481806-D44E-4D93-9CC0-F08DDD842080}.Release|x64.Build.0 = Release|x64
		{42481806-D44E-4D93-9CC0-F08DDD842080}.Release|x86.ActiveCfg = Release|Win32
		{42481806-D44E-4D93-9CC0-F08DDD842080}.Release|x86.Build.0 = Release|Win32
		{1864D8C4-E254-4B1B-817D-048996FA26F3}.Debug|Any CPU.ActiveCfg = Debug|Win32
		{1864D8C4-E254-4B1B-817D-048996FA26F3}.Debug|x64.ActiveCfg = Debug|x64
		{1864D8C4-E254-4B1B-817D-048996FA26F3}.Debug|x64.Build.0 = Debug|x64
		{1864D8C4-E254-4B1B-817D-048996FA26F3}.Debug|x86.ActiveCfg = Debug|Win32
		{1864D8C4-E254-4B1B-817D-048996FA26F3}.Debug|x86.Build.0 = Debug|Win32
		{1864D8C4-E254-4B1B-817D-048996FA26F3}.Release|Any CPU.ActiveCfg = Release|Win32
		{1864D8C4-E254-4B1B-817D-048996FA26F3}.Release|x64.ActiveCfg = Release|x64
		{1864D8C4-E254-4B1B-817D-048996FA26F3}.Release|x64.Build.0 = Release|x64
		{1864D8C4-E254-4B1B-817D-048996FA26F3}.Release|x86.ActiveCfg = Release|Win32
		{1864D8C4-E254-4B1B-817D-048996FA26F3}.Release|x86.Build.0 = Release|Win32
		{789AA6E4-92C8-4CF7-A1E7-78E4DAC0B5EC}.Debug|Any CPU.ActiveCfg = Debug|Win32
		{789AA6E4-92C8-4CF7-A1E7-78E4DAC0B5EC}.Debug|x64.ActiveCfg = Debug|x64
		{789AA6E4-92C8-4CF7-A1E7-78E4DAC0B5EC}.Debug|x64.Build.0 = Debug|x64
		{789AA6E4-92C8-4CF7-A1E7-78E4DAC0B5EC}.Debug|x86.ActiveCfg = Debug|Win32
		{789AA6E4-92C8-4CF7-A1E7-78E4DAC0B5EC}.Debug|x86.Build.0 = Debug|Win32
		{789AA6E4-92C8-4CF7-A1E7-78E4DAC0B5EC}.Release|Any CPU.ActiveCfg = Release|Win32
		{789AA6E4-92C8-4CF7-A1E7-78E4DAC0B5EC}.Release|x64.ActiveCfg = Release|x64
		{789AA6E4-92C8-4CF7-A1E7-78E4DAC0B5EC}.Release|x64.Build.0 = Release|x64
		{789AA6E4-92C8-4CF7-A1E7-78E4DAC0B5EC}.Release|x86.ActiveCfg = Release|Win32
		{789AA6E4-92C8-4CF7-A1E7-78E4DAC0B5EC}.Release|x86.Build.0 = Release|Win32
		{DC21691A-3E21-4D2C-82DA-E483288799A3}.Debug|Any CPU.ActiveCfg = Debug|Win32
		{DC21691A-3E21-4D2C-82DA-E483288799A3}.Debug|x64.ActiveCfg = Debug|x64
		{DC21691A-3E21-4D2C-82DA-E483288799A3}.Debug|x64.Build.0 = Debug|x64
		{DC21691A-3E21-4D2C-82DA-E483288799A3}.Debug|x86.ActiveCfg = Debug|Win32
		{DC21691A-3E21-4D2C-82DA-E483288799A3}.Debug|x86.Build.0 = Debug|Win32
		{DC21691A-3E21-4D2C-82DA-E483288799A3}.Release|Any CPU.ActiveCfg = Release|Win32
		{DC21691A-3E21-4D2C-82DA-E483288799A3}.Release|x64.ActiveCfg = Release|x64
		{DC21691A-3E21-4D2C-82DA-E483288799A3}.Release|x64.Build.0 = Release|x64
		{DC21691A-3E21-4D2C-82DA-E483288799A3}.Release|x86.ActiveCfg = Release|Win32
		{DC21691A-3E21-4D2C-82DA-E483288799A3}.Release|x86.Build.0 = Release|Win32
		{FD91D724-2836-44B2-9961-8A1BC6132566}.Debug|Any CPU.ActiveCfg = Debug|Win32
		{FD91D724-2836-44B2-9961-8A1BC6132566}.Debug|x64.ActiveCfg = Debug|x64
		{FD91D724-2836-44B2-9961-8A1BC6132566}.Debug|x64.Build.0 = Debug|x64
		{FD91D724-2836-44B2-9961-8A1BC6132566}.Debug|x86.ActiveCfg = Debug|Win32
		{FD91D724-2836-44B2-9961-8A1BC6132566}.Debug|x86.Build.0 = Debug|Win32
		{FD91D724-2836-44B2-9961-8A1BC6132566}.Release|Any CPU.ActiveCfg = Release|Win32
		{FD91D724-2836-44B2-9961-8A1BC6132566}.Release|x64.ActiveCfg = Release|x64
		{FD91D724-2836-44B2-9961-8A1BC6132566}.Release|x64.Build.0 = Release|x64
		{FD91D724-2836-44B2-9961-8A1BC6132566}.Release|x86.ActiveCfg = Release|Win32
		{FD91D724-2836-44B2-9961-8A1BC6132566}.Release|x86.Build.0 = Release|Win32
		{AF46C7BF-8FC6-4C12-B9DD-B1054F9C3806}.Debug|Any CPU.ActiveCfg = Debug|Win32
		{AF46C7BF-8FC6-4C12-B9DD-B1054F9C3806}.Debug|x64.ActiveCfg = Debug|x64
		{AF46C7BF-8FC6-4C12-B9DD-B1054F9C3806}.Debug|x64.Build.0 = Debug|x64
		{AF46C7BF-8FC6-4C12-B9DD-B1054F9C3806}.Debug|x86.ActiveCfg = Debug|Win32
		{AF46C7BF-8FC6-4C12-B9DD-B1054F9C3806}.Debug|x86.Build.0 = Debug|Win32
		{AF46C7BF-8FC6-4C12-B9DD-B1054F9C3806}.Release|Any CPU.ActiveCfg = Release|Win32
		{AF46C7BF-8FC6-4C12-B9DD-B1054F9C3806}.Release|x64.ActiveCfg = Release|x64
		{AF46C7BF-8FC6-4C12-B9DD-B1054F9C3806}.Release|x64.Build.0 = Release|x64
		{AF46C7BF-8FC6-4C12-B9DD-B1054F9C3806}.Release|x86.ActiveCfg = Release|Win32
		{AF46C7BF-8FC6-4C12-B9DD-B1054F9C3806}.Release|x86.Build.0 = Release|Win32
		{2299CB67-8E50-422A-9110-ABFEE6C1464E}.Debug|Any CPU.ActiveCfg = Debug|Win32
		{2299CB67-8E50-422A-9110-ABFEE6C1464E}.Debug|x64.ActiveCfg = Debug|x64
		{2299CB67-8E50-422A-9110-ABFEE6C1464E}.Debug|x64.Build.0 = Debug|x64
		{2299CB67-8E50-422A-9110-ABFEE6C1464E}.Debug|x86.ActiveCfg = Debug|Win32
		{2299CB67-8E50-422A-9110-ABFEE6C1464E}.Debug|x86.Build.0 = Debug|Win32
		{2299CB67-8E50-422A-9110-ABFEE6C1464E}.Release|Any CPU.ActiveCfg = Release|Win32
		{2299CB67-8E50-422A-9110-ABFEE6C1464E}.Release|x64.ActiveCfg = Release|x64
		{2299CB67-8E50-422A-9110-ABFEE6C1464E}.Release|x64.Build.0 = Release|x64
		{2299CB67-8E50-422A-9110-ABFEE6C1464E}.Release|x86.ActiveCfg = Release|Win32
		{2299CB67-8E50-422A-9110-ABFEE6C1464E}.Release|x86.Build.0 = Release|Win32
		{9D52E469-0413-4B08-A38C-0A411901727D}.Debug|Any CPU.ActiveCfg = Debug|Win32
		{9D52E469-0413-4B08-A38C-0A411901727D}.Debug|x64.ActiveCfg = Debug|x64
		{9D52E469-0413-4B08-A38C-0A411901727D}.Debug|x64.Build.0 = Debug|x64
		{9D52E469-0413-4B08-A38C-0A411901727D}.Debug|x86.ActiveCfg = Debug|Win32
		{9D52E469-0413-4B08-A38C-0A411901727D}.Debug|x86.Build.0 = Debug|Win32
		{9D52E469-0413-4B08-A38C-0A411901727D}.Release|Any CPU.ActiveCfg = Release|Win32
		{9D52E469-0413-4B08-A38C-0A411901727D}.Release|x64.ActiveCfg = Release|x64
		{9D52E469-0413-4B08-A38C-0A411901727D}.Release|x64.Build.0 = Release|x64
		{9D52E469-0413-4B08-A38C-0A411901727D}.Release|x86.ActiveCfg = Release|Win32
		{9D52E469-0413-4B08-A38C-0A411901727D}.Release|x86.Build.0 = Release|Win32
		{A8FF72C7-9B35-4D2B-AA2A-9DBC02580466}.Debug|Any CPU.ActiveCfg = Debug|Win32
		{A8FF72C7-9B35-4D2B-AA2A-9DBC02580466}.Debug|x64.ActiveCfg = Debug|x64
		{A8FF72C7-9B35-4D2B-AA2A-9DBC02580466}.Debug|x64.Build.0 = Debug|x64
		{A8FF72C7-9B35-4D2B-AA2A-9DBC02580466}.Debug|x86.ActiveCfg = Debug|Win32
		{A8FF72C7-9B35-4D2B-AA2A-9DBC02580466}.Debug|x86.Build.0 = Debug|Win32
		{A8FF72C7-9B35-4D2B-AA2A-9DBC02580466}.Release|Any CPU.ActiveCfg = Release|Win32
		{A8FF72C7-9B35-4D2B-AA2A-9DBC02580466}.Release|x64.ActiveCfg = Release|x64
		{A8FF72C7-9B35-4D2B-AA2A-9DBC02580466}.Release|x64.Build.0 = Release|x64
		{A8FF72C7-9B35-4D2B-AA2A-9DBC02580466}.Release|x86.ActiveCfg = Release|Win32
		{A8FF72C7-9B35-4D2B-AA2A-9DBC02580466}.Release|x86.Build.0 = Release|Win32
		{849F4430-FA71-4204-8EC4-B6363FA40D53}.Debug|Any CPU.ActiveCfg = Debug|Win32
		{849F4430-FA71-4204-8EC4-B6363FA40D53}.Debug|x64.ActiveCfg = Debug|x64
		{849F4430-FA71-4204-8EC4-B6363FA40D53}.Debug|x64.Build.0 = Debug|x64
		{849F4430-FA71-4204-8EC4-B6363FA40D53}.Debug|x86.ActiveCfg = Debug|Win32
		{849F4430-FA71-4204-8EC4-B6363FA40D53}.Debug|x86.Build.0 = Debug|Win32
		{849F4430-FA71-4204-8EC4-B6363FA40D53}.Release|Any CPU.ActiveCfg = Release|Win32
		{849F4430-FA71-4204-8EC4-B6363FA40D53}.Release|x64.ActiveCfg = Release|x64
		{849F4430-FA71-4204-8EC4-B6363FA40D53}.Release|x64.Build.0 = Release|x64
		{849F4430-FA71-4204-8EC4-B6363FA40D53}.Release|x86.ActiveCfg = Release|Win32
		{849F4430-FA71-4204-8EC4-B6363FA40D53}.Release|x86.Build.0 = Release|Win32
		{6593BA37-DC4D-45B1-B067-E2F878635232}.Debug|Any CPU.ActiveCfg = Debug|Win32
		{6593BA37-DC4D-45B1-B067-E2F878635232}.Debug|x64.ActiveCfg = Debug|x64
		{6593BA37-DC4D-45B1-B067-E2F878635232}.Debug|x64.Build.0 = Debug|x64
		{6593BA37-DC4D-45B1-B067-E2F878635232}.Debug|x86.ActiveCfg = Debug|Win32
		{6593BA37-DC4D-45B1-B067-E2F878635232}.Debug|x86.Build.0 = Debug|Win32
		{6593BA37-DC4D-45B1-B067-E2F878635232}.Release|Any CPU.ActiveCfg = Release|Win32
		{6593BA37-DC4D-45B1-B067-E2F878635232}.Release|x64.ActiveCfg = Release|x64
		{6593BA37-DC4D-45B1-B067-E2F878635232}.Release|x64.Build.0 = Release|x64
		{6593BA37-DC4D-45B1-B067-E2F878635232}.Release|x86.ActiveCfg = Release|Win32
		{6593BA37-DC4D-45B1-B067-E2F878635232}.Release|x86.Build.0 = Release|Win32
		{FF575FDB-EA65-4BC4-96DD-A69018195DC7}.Debug|Any CPU.ActiveCfg = Debug|Win32
		{FF575FDB-EA65-4BC4-96DD-A69018195DC7}.Debug|x64.ActiveCfg = Debug|x64
		{FF575FDB-EA65-4BC4-96DD-A69018195DC7}.Debug|x64.Build.0 = Debug|x64
		{FF575FDB-EA65-4BC4-96DD-A69018195DC7}.Debug|x86.ActiveCfg = Debug|Win32
		{FF575FDB-EA65-4BC4-96DD-A69018195DC7}.Debug|x86.Build.0 = Debug|Win32
		{FF575FDB-EA65-4BC4-96DD-A69018195DC7}.Release|Any CPU.ActiveCfg = Release|Win32
		{FF575FDB-EA65-4BC4-96DD-A69018195DC7}.Release|x64.ActiveCfg = Release|x64
		{FF575FDB-EA65-4BC4-96DD-A69018195DC7}.Release|x64.Build.0 = Release|x64
		{FF575FDB-EA65-4BC4-96DD-A69018195DC7}.Release|x86.ActiveCfg = Release|Win32
		{FF575FDB-EA65-4BC4-96DD-A69018195DC7}.Release|x86.Build.0 = Release|Win32
		{27C73BDC-AF17-41F9-A7B4-DF38432F2CD5}.Debug|Any CPU.ActiveCfg = Debug|Win32
		{27C73BDC-AF17-41F9-A7B4-DF38432F2CD5}.Debug|x64.ActiveCfg = Debug|x64
		{27C73BDC-AF17-41F9-A7B4-DF38432F2CD5}.Debug|x64.Build.0 = Debug|x64
		{27C73BDC-AF17-41F9-A7B4-DF38432F2CD5}.Debug|x86.ActiveCfg = Debug|Win32
		{27C73BDC-AF17-41F9-A7B4-DF38432F2CD5}.Debug|x86.Build.0 = Debug|Win32
		{27C73BDC-AF17-41F9-A7B4-DF38432F2CD5}.Release|Any CPU.ActiveCfg = Release|Win32
		{27C73BDC-AF17-41F9-A7B4-DF38432F2CD5}.Release|x64.ActiveCfg = Release|x64
		{27C73BDC-AF17-41F9-A7B4-DF38432F2CD5}.Release|x64.Build.0 = Release|x64
		{27C73BDC-AF17-41F9-A7B4-DF38432F2CD5}.Release|x86.ActiveCfg = Release|Win32
		{27C73BDC-AF17-41F9-A7B4-DF38432F2CD5}.Release|x86.Build.0 = Release|Win32
		{DE08DA96-9F47-4194-A526-7444C8D1CA67}.Debug|Any CPU.ActiveCfg = Debug|Win32
		{DE08DA96-9F47-4194-A526-7444C8D1CA67}.Debug|x64.ActiveCfg = Debug|x64
		{DE08DA96-9F47-4194-A526-7444C8D1CA67}.Debug|x64.Build.0 = Debug|x64
		{DE08DA96-9F47-4194-A526-7444C8D1CA67}.Debug|x86.ActiveCfg = Debug|Win32
		{DE08DA96-9F47-4194-A526-7444C8D1CA67}.Debug|x86.Build.0 = Debug|Win32
		{DE08DA96-9F47-4194-A526-7444C8D1CA67}.Release|Any CPU.ActiveCfg = Release|Win32
		{DE08DA96-9F47-4194-A526-7444C8D1CA67}.Release|x64.ActiveCfg = Release|x64
		{DE08DA96-9F47-4194-A526-7444C8D1CA67}.Release|x64.Build.0 = Release|x64
		{DE08DA96-9F47-4194-A526-7444C8D1CA67}.Release|x86.ActiveCfg = Release|Win32
		{DE08DA96-9F47-4194-A526-7444C8D1CA67}.Release|x86.Build.0 = Release|Win32
		{8C8BCA9E-0F3C-440C-A905-9A4BD711E89F}.Debug|Any CPU.ActiveCfg = Debug|Win32
		{8C8BCA9E-0F3C-440C-A905-9A4BD711E89F}.Debug|x64.ActiveCfg = Debug|x64
		{8C8BCA9E-0F3C-440C-A905-9A4BD711E89F}.Debug|x64.Build.0 = Debug|x64
		{8C8BCA9E-0F3C-440C-A905-9A4BD711E89F}.Debug|x86.ActiveCfg = Debug|Win32
		{8C8BCA9E-0F3C-440C-A905-9A4BD711E89F}.Debug|x86.Build.0 = Debug|Win32
		{8C8BCA9E-0F3C-440C-A905-9A4BD711E89F}.Release|Any CPU.ActiveCfg = Release|Win32
		{8C8BCA9E-0F3C-440C-A905-9A4BD711E89F}.Release|x64.ActiveCfg = Release|x64
		{8C8BCA9E-0F3C-440C-A905-9A4BD711E89F}.Release|x64.Build.0 = Release|x64
		{8C8BCA9E-0F3C-440C-A905-9A4BD711E89F}.Release|x86.ActiveCfg = Release|Win32
		{8C8BCA9E-0F3C-440C-A905-9A4BD711E89F}.Release|x86.Build.0 = Release|Win32
	EndGlobalSection
	GlobalSection(SolutionProperties) = preSolution
		HideSolutionNode = FALSE
	EndGlobalSection
	GlobalSection(ExtensibilityGlobals) = postSolution
		SolutionGuid = {D16CF5A2-2175-42BB-B205-7609D6B21F29}
	EndGlobalSection
EndGlobal
