
Microsoft Visual Studio Solution File, Format Version 12.00
# Visual Studio Version 16
VisualStudioVersion = 16.0.31005.135
MinimumVisualStudioVersion = 10.0.40219.1
Project("{888888A0-9F3D-457C-B088-3A5042F75D52}") = "bloodflow", "bloodflow.pyproj", "{C8081608-6F8A-4E56-9A9C-4387C89576AB}"
EndProject
Global
	GlobalSection(SolutionConfigurationPlatforms) = preSolution
		Debug|Any CPU = Debug|Any CPU
		Release|Any CPU = Release|Any CPU
	EndGlobalSection
	GlobalSection(ProjectConfigurationPlatforms) = postSolution
		{C8081608-6F8A-4E56-9A9C-4387C89576AB}.Debug|Any CPU.ActiveCfg = Debug|Any CPU
		{C8081608-6F8A-4E56-9A9C-4387C89576AB}.Release|Any CPU.ActiveCfg = Release|Any CPU
	EndGlobalSection
	GlobalSection(SolutionProperties) = preSolution
		HideSolutionNode = FALSE
	EndGlobalSection
	GlobalSection(ExtensibilityGlobals) = postSolution
		SolutionGuid = {D16CF5A2-2175-42BB-B205-7609D6B21F29}
	EndGlobalSection
EndGlobal
